
Microsoft Visual Studio Solution File, Format Version 12.00
# Visual Studio Version 16
VisualStudioVersion = 25.0.1706.11
MinimumVisualStudioVersion = 10.0.40219.1
Project("{FAE04EC0-301F-11D3-BF4B-00C04F79EFBC}") = "Live Coding", "Live Coding.csproj", "{6B3E1831-21B7-47B6-8B2E-0E2D227F9C5E}"
EndProject
Global
	GlobalSection(SolutionConfigurationPlatforms) = preSolution
		Debug|Any CPU = Debug|Any CPU
		Release|Any CPU = Release|Any CPU
	EndGlobalSection
	GlobalSection(ProjectConfigurationPlatforms) = postSolution
		{6B3E1831-21B7-47B6-8B2E-0E2D227F9C5E}.Debug|Any CPU.ActiveCfg = Debug|Any CPU
		{6B3E1831-21B7-47B6-8B2E-0E2D227F9C5E}.Debug|Any CPU.Build.0 = Debug|Any CPU
		{6B3E1831-21B7-47B6-8B2E-0E2D227F9C5E}.Release|Any CPU.ActiveCfg = Release|Any CPU
		{6B3E1831-21B7-47B6-8B2E-0E2D227F9C5E}.Release|Any CPU.Build.0 = Release|Any CPU
	EndGlobalSection
	GlobalSection(SolutionProperties) = preSolution
		HideSolutionNode = FALSE
	EndGlobalSection
	GlobalSection(ExtensibilityGlobals) = postSolution
		SolutionGuid = {89EF28CC-0A7B-4CC1-B57D-496FA7A1C52A}
	EndGlobalSection
EndGlobal
